
Microsoft Visual Studio Solution File, Format Version 12.00
# Visual Studio Version 17
VisualStudioVersion = 17.7.34024.191
MinimumVisualStudioVersion = 10.0.40219.1
Project("{2150E333-8FDC-42A3-9474-1A3956D46DE8}") = "Core", "Core", "{8AD90D38-F72C-4850-9099-E660845F6690}"
EndProject
Project("{2150E333-8FDC-42A3-9474-1A3956D46DE8}") = "Infrastructure", "Infrastructure", "{3DC89965-0EC3-4A6D-8EDA-2C2FC60BF932}"
EndProject
Project("{2150E333-8FDC-42A3-9474-1A3956D46DE8}") = "Presentation", "Presentation", "{FDBAC2DC-6690-4B29-87AF-FC1F39D457D2}"
EndProject
Project("{2150E333-8FDC-42A3-9474-1A3956D46DE8}") = "Shared", "Shared", "{F5555F60-9F9F-4C61-8FA7-8EF1B435183A}"
EndProject
Project("{FAE04EC0-301F-11D3-BF4B-00C04F79EFBC}") = "StoreApp.Domain", "StoreApp.Domain\StoreApp.Domain.csproj", "{EF889A5E-F9C8-4114-A31D-515407EE4301}"
EndProject
Project("{2150E333-8FDC-42A3-9474-1A3956D46DE8}") = "Database", "Database", "{C9B0AE17-E5AA-41F6-A8C9-54623333FD37}"
EndProject
Project("{00D1A9C2-B5F0-4AF3-8072-F6C62B433612}") = "StoreApp.RetailStoreDb", "StoreApp.RetailStoreDb\StoreApp.RetailStoreDb.sqlproj", "{153703F5-2FA5-42E2-8A6E-BFADC5348D14}"
EndProject
Project("{FAE04EC0-301F-11D3-BF4B-00C04F79EFBC}") = "StoreApp.Application", "StoreApp.Application\StoreApp.Application.csproj", "{EF630BC4-AB0D-4849-A435-8C8526039279}"
EndProject
Project("{FAE04EC0-301F-11D3-BF4B-00C04F79EFBC}") = "StoreApp.Infrastructure", "StoreApp.Infrastructure\StoreApp.Infrastructure.csproj", "{19151347-B6A4-4770-9A87-1C62544A9AD4}"
EndProject
Project("{FAE04EC0-301F-11D3-BF4B-00C04F79EFBC}") = "StoreApp.Persistence", "StoreApp.Persistence\StoreApp.Persistence.csproj", "{F7D1DE06-7E8B-4F90-8827-03BBC2AAA251}"
EndProject
Project("{FAE04EC0-301F-11D3-BF4B-00C04F79EFBC}") = "StoreApp.WebAPI", "StoreApp.WebAPI\StoreApp.WebAPI.csproj", "{3E3CE04B-88D9-4EC4-9FC3-7924A4501E15}"
EndProject
Project("{FAE04EC0-301F-11D3-BF4B-00C04F79EFBC}") = "StoreApp.Shared", "StoreApp.Shared\StoreApp.Shared.csproj", "{18A2F184-CFC4-47FA-A4EA-4F60146C0AD0}"
EndProject
Global
	GlobalSection(SolutionConfigurationPlatforms) = preSolution
		Debug|Any CPU = Debug|Any CPU
		Release|Any CPU = Release|Any CPU
	EndGlobalSection
	GlobalSection(ProjectConfigurationPlatforms) = postSolution
		{EF889A5E-F9C8-4114-A31D-515407EE4301}.Debug|Any CPU.ActiveCfg = Debug|Any CPU
		{EF889A5E-F9C8-4114-A31D-515407EE4301}.Debug|Any CPU.Build.0 = Debug|Any CPU
		{EF889A5E-F9C8-4114-A31D-515407EE4301}.Release|Any CPU.ActiveCfg = Release|Any CPU
		{EF889A5E-F9C8-4114-A31D-515407EE4301}.Release|Any CPU.Build.0 = Release|Any CPU
		{153703F5-2FA5-42E2-8A6E-BFADC5348D14}.Debug|Any CPU.ActiveCfg = Debug|Any CPU
		{153703F5-2FA5-42E2-8A6E-BFADC5348D14}.Debug|Any CPU.Build.0 = Debug|Any CPU
		{153703F5-2FA5-42E2-8A6E-BFADC5348D14}.Debug|Any CPU.Deploy.0 = Debug|Any CPU
		{153703F5-2FA5-42E2-8A6E-BFADC5348D14}.Release|Any CPU.ActiveCfg = Release|Any CPU
		{153703F5-2FA5-42E2-8A6E-BFADC5348D14}.Release|Any CPU.Build.0 = Release|Any CPU
		{153703F5-2FA5-42E2-8A6E-BFADC5348D14}.Release|Any CPU.Deploy.0 = Release|Any CPU
		{EF630BC4-AB0D-4849-A435-8C8526039279}.Debug|Any CPU.ActiveCfg = Debug|Any CPU
		{EF630BC4-AB0D-4849-A435-8C8526039279}.Debug|Any CPU.Build.0 = Debug|Any CPU
		{EF630BC4-AB0D-4849-A435-8C8526039279}.Release|Any CPU.ActiveCfg = Release|Any CPU
		{EF630BC4-AB0D-4849-A435-8C8526039279}.Release|Any CPU.Build.0 = Release|Any CPU
		{19151347-B6A4-4770-9A87-1C62544A9AD4}.Debug|Any CPU.ActiveCfg = Debug|Any CPU
		{19151347-B6A4-4770-9A87-1C62544A9AD4}.Debug|Any CPU.Build.0 = Debug|Any CPU
		{19151347-B6A4-4770-9A87-1C62544A9AD4}.Release|Any CPU.ActiveCfg = Release|Any CPU
		{19151347-B6A4-4770-9A87-1C62544A9AD4}.Release|Any CPU.Build.0 = Release|Any CPU
		{F7D1DE06-7E8B-4F90-8827-03BBC2AAA251}.Debug|Any CPU.ActiveCfg = Debug|Any CPU
		{F7D1DE06-7E8B-4F90-8827-03BBC2AAA251}.Debug|Any CPU.Build.0 = Debug|Any CPU
		{F7D1DE06-7E8B-4F90-8827-03BBC2AAA251}.Release|Any CPU.ActiveCfg = Release|Any CPU
		{F7D1DE06-7E8B-4F90-8827-03BBC2AAA251}.Release|Any CPU.Build.0 = Release|Any CPU
		{3E3CE04B-88D9-4EC4-9FC3-7924A4501E15}.Debug|Any CPU.ActiveCfg = Debug|Any CPU
		{3E3CE04B-88D9-4EC4-9FC3-7924A4501E15}.Debug|Any CPU.Build.0 = Debug|Any CPU
		{3E3CE04B-88D9-4EC4-9FC3-7924A4501E15}.Release|Any CPU.ActiveCfg = Release|Any CPU
		{3E3CE04B-88D9-4EC4-9FC3-7924A4501E15}.Release|Any CPU.Build.0 = Release|Any CPU
		{18A2F184-CFC4-47FA-A4EA-4F60146C0AD0}.Debug|Any CPU.ActiveCfg = Debug|Any CPU
		{18A2F184-CFC4-47FA-A4EA-4F60146C0AD0}.Debug|Any CPU.Build.0 = Debug|Any CPU
		{18A2F184-CFC4-47FA-A4EA-4F60146C0AD0}.Release|Any CPU.ActiveCfg = Release|Any CPU
		{18A2F184-CFC4-47FA-A4EA-4F60146C0AD0}.Release|Any CPU.Build.0 = Release|Any CPU
	EndGlobalSection
	GlobalSection(SolutionProperties) = preSolution
		HideSolutionNode = FALSE
	EndGlobalSection
	GlobalSection(NestedProjects) = preSolution
		{EF889A5E-F9C8-4114-A31D-515407EE4301} = {8AD90D38-F72C-4850-9099-E660845F6690}
		{153703F5-2FA5-42E2-8A6E-BFADC5348D14} = {C9B0AE17-E5AA-41F6-A8C9-54623333FD37}
		{EF630BC4-AB0D-4849-A435-8C8526039279} = {8AD90D38-F72C-4850-9099-E660845F6690}
		{19151347-B6A4-4770-9A87-1C62544A9AD4} = {3DC89965-0EC3-4A6D-8EDA-2C2FC60BF932}
		{F7D1DE06-7E8B-4F90-8827-03BBC2AAA251} = {3DC89965-0EC3-4A6D-8EDA-2C2FC60BF932}
		{3E3CE04B-88D9-4EC4-9FC3-7924A4501E15} = {FDBAC2DC-6690-4B29-87AF-FC1F39D457D2}
		{18A2F184-CFC4-47FA-A4EA-4F60146C0AD0} = {F5555F60-9F9F-4C61-8FA7-8EF1B435183A}
	EndGlobalSection
	GlobalSection(ExtensibilityGlobals) = postSolution
		SolutionGuid = {E6DBD142-E079-4A40-B1FC-DBE2623ECAF7}
	EndGlobalSection
EndGlobal
